
Microsoft Visual Studio Solution File, Format Version 12.00
# Visual Studio Version 16
VisualStudioVersion = 16.0.31129.286
MinimumVisualStudioVersion = 10.0.40219.1
Project("{FAE04EC0-301F-11D3-BF4B-00C04F79EFBC}") = "PinPonGame", "PinPonGame\PinPonGame.csproj", "{3144C200-C5AF-4BCE-A08D-D1F6DBB1CB7B}"
EndProject
Global
	GlobalSection(SolutionConfigurationPlatforms) = preSolution
		Debug|Any CPU = Debug|Any CPU
		Release|Any CPU = Release|Any CPU
	EndGlobalSection
	GlobalSection(ProjectConfigurationPlatforms) = postSolution
		{3144C200-C5AF-4BCE-A08D-D1F6DBB1CB7B}.Debug|Any CPU.ActiveCfg = Debug|Any CPU
		{3144C200-C5AF-4BCE-A08D-D1F6DBB1CB7B}.Debug|Any CPU.Build.0 = Debug|Any CPU
		{3144C200-C5AF-4BCE-A08D-D1F6DBB1CB7B}.Release|Any CPU.ActiveCfg = Release|Any CPU
		{3144C200-C5AF-4BCE-A08D-D1F6DBB1CB7B}.Release|Any CPU.Build.0 = Release|Any CPU
	EndGlobalSection
	GlobalSection(SolutionProperties) = preSolution
		HideSolutionNode = FALSE
	EndGlobalSection
	GlobalSection(ExtensibilityGlobals) = postSolution
		SolutionGuid = {8FC09033-0475-4DE2-91B3-6E9C1108E879}
	EndGlobalSection
EndGlobal
